{
  "originHash" : "ead0c74bd26be79ee44b198c43c49e2b90b98bc92df74e3b910b7b0200f981b6",
  "pins" : [
    {
      "identity" : "flyingfox",
      "kind" : "remoteSourceControl",
      "location" : "https://github.com/swhitty/FlyingFox.git",
      "state" : {
        "revision" : "f7829d4aca8cbfecb410a1cce872b1b045224aa1",
        "version" : "0.16.0"
      }
    },
    {
      "identity" : "flyingfoxmacros",
      "kind" : "remoteSourceControl",
      "location" : "https://github.com/swhitty/FlyingFoxMacros.git",
      "state" : {
        "revision" : "39cee2ebbff08cdfdcfbfd27f0847eea7ca25566",
        "version" : "0.1.0"
      }
    },
    {
      "identity" : "swift-syntax",
      "kind" : "remoteSourceControl",
      "location" : "https://github.com/swiftlang/swift-syntax",
      "state" : {
        "revision" : "74203046135342e4a4a627476dd6caf8b28fe11b",
        "version" : "509.0.0"
      }
    }
  ],
  "version" : 3
}
